
Microsoft Visual Studio Solution File, Format Version 12.00
# Visual Studio Version 17
VisualStudioVersion = 17.5.002.0
MinimumVisualStudioVersion = 10.0.40219.1
Project("{9A19103F-16F7-4668-BE54-9A1E7A4F7556}") = "PlatfotmService", "PlatfotmService.csproj", "{092E3DA7-FCE4-4620-913A-D3B69D8AA1B8}"
EndProject
Global
	GlobalSection(SolutionConfigurationPlatforms) = preSolution
		Debug|Any CPU = Debug|Any CPU
		Release|Any CPU = Release|Any CPU
	EndGlobalSection
	GlobalSection(ProjectConfigurationPlatforms) = postSolution
		{092E3DA7-FCE4-4620-913A-D3B69D8AA1B8}.Debug|Any CPU.ActiveCfg = Debug|Any CPU
		{092E3DA7-FCE4-4620-913A-D3B69D8AA1B8}.Debug|Any CPU.Build.0 = Debug|Any CPU
		{092E3DA7-FCE4-4620-913A-D3B69D8AA1B8}.Release|Any CPU.ActiveCfg = Release|Any CPU
		{092E3DA7-FCE4-4620-913A-D3B69D8AA1B8}.Release|Any CPU.Build.0 = Release|Any CPU
	EndGlobalSection
	GlobalSection(SolutionProperties) = preSolution
		HideSolutionNode = FALSE
	EndGlobalSection
	GlobalSection(ExtensibilityGlobals) = postSolution
		SolutionGuid = {0371FB43-5548-4D9E-9D60-E5D1D751C168}
	EndGlobalSection
EndGlobal
